
Microsoft Visual Studio Solution File, Format Version 12.00
# Visual Studio 2010
Project("{FAE04EC0-301F-11D3-BF4B-00C04F79EFBC}") = "Antler-Domain", "main\Antler-Domain\Antler-Domain.csproj", "{6814B93C-B1E7-4050-AD5E-B10260110716}"
EndProject
Project("{FAE04EC0-301F-11D3-BF4B-00C04F79EFBC}") = "Antler-Hibernate", "main\Antler-Hibernate\Antler-Hibernate.csproj", "{4A2FE4D5-9381-4695-A0D5-21787C903275}"
EndProject
Project("{2150E333-8FDC-42A3-9474-1A3956D46DE8}") = "Specs", "Specs", "{0BA7638D-2B16-4E72-AD94-EA2669BA246C}"
EndProject
Project("{FAE04EC0-301F-11D3-BF4B-00C04F79EFBC}") = "Antler-Hibernate-Specs", "specs\Antler-Hibernate-Specs\Antler-Hibernate-Specs.csproj", "{22241314-ACB1-4BD6-AA61-7006A5D19DD5}"
EndProject
Global
	GlobalSection(SolutionConfigurationPlatforms) = preSolution
		Debug|Any CPU = Debug|Any CPU
		Release|Any CPU = Release|Any CPU
	EndGlobalSection
	GlobalSection(ProjectConfigurationPlatforms) = postSolution
		{6814B93C-B1E7-4050-AD5E-B10260110716}.Debug|Any CPU.ActiveCfg = Debug|Any CPU
		{6814B93C-B1E7-4050-AD5E-B10260110716}.Debug|Any CPU.Build.0 = Debug|Any CPU
		{6814B93C-B1E7-4050-AD5E-B10260110716}.Release|Any CPU.ActiveCfg = Release|Any CPU
		{6814B93C-B1E7-4050-AD5E-B10260110716}.Release|Any CPU.Build.0 = Release|Any CPU
		{4A2FE4D5-9381-4695-A0D5-21787C903275}.Debug|Any CPU.ActiveCfg = Debug|Any CPU
		{4A2FE4D5-9381-4695-A0D5-21787C903275}.Debug|Any CPU.Build.0 = Debug|Any CPU
		{4A2FE4D5-9381-4695-A0D5-21787C903275}.Release|Any CPU.ActiveCfg = Release|Any CPU
		{4A2FE4D5-9381-4695-A0D5-21787C903275}.Release|Any CPU.Build.0 = Release|Any CPU
		{22241314-ACB1-4BD6-AA61-7006A5D19DD5}.Debug|Any CPU.ActiveCfg = Debug|Any CPU
		{22241314-ACB1-4BD6-AA61-7006A5D19DD5}.Debug|Any CPU.Build.0 = Debug|Any CPU
		{22241314-ACB1-4BD6-AA61-7006A5D19DD5}.Release|Any CPU.ActiveCfg = Release|Any CPU
		{22241314-ACB1-4BD6-AA61-7006A5D19DD5}.Release|Any CPU.Build.0 = Release|Any CPU
	EndGlobalSection
	GlobalSection(SolutionProperties) = preSolution
		HideSolutionNode = FALSE
	EndGlobalSection
	GlobalSection(NestedProjects) = preSolution
		{22241314-ACB1-4BD6-AA61-7006A5D19DD5} = {0BA7638D-2B16-4E72-AD94-EA2669BA246C}
	EndGlobalSection
EndGlobal
