
Microsoft Visual Studio Solution File, Format Version 12.00
# Visual Studio 2010
Project("{FAE04EC0-301F-11D3-BF4B-00C04F79EFBC}") = "Antler-Domain", "main\Antler-Domain\Antler-Domain.csproj", "{6814B93C-B1E7-4050-AD5E-B10260110716}"
EndProject
Project("{FAE04EC0-301F-11D3-BF4B-00C04F79EFBC}") = "Antler-NHibernate", "main\Antler-NHibernate\Antler-NHibernate.csproj", "{4A2FE4D5-9381-4695-A0D5-21787C903275}"
EndProject
Project("{2150E333-8FDC-42A3-9474-1A3956D46DE8}") = "Specs", "Specs", "{0BA7638D-2B16-4E72-AD94-EA2669BA246C}"
EndProject
Project("{FAE04EC0-301F-11D3-BF4B-00C04F79EFBC}") = "Antler-NHibernate-Sqlite-Specs", "specs\Antler-NHibernate-Sqlite-Specs\Antler-NHibernate-Sqlite-Specs.csproj", "{22241314-ACB1-4BD6-AA61-7006A5D19DD5}"
EndProject
Project("{FAE04EC0-301F-11D3-BF4B-00C04F79EFBC}") = "Antler-Abstractions", "main\Antler-Abstractions\Antler-Abstractions.csproj", "{66AB4A48-0D4F-4F0D-9A47-EB461B8495E1}"
EndProject
Project("{FAE04EC0-301F-11D3-BF4B-00C04F79EFBC}") = "Antler-Common", "main\Antler-Common\Antler-Common.csproj", "{2C949C79-54B6-46E8-9B10-139AF8DD0A96}"
EndProject
Project("{FAE04EC0-301F-11D3-BF4B-00C04F79EFBC}") = "Antler-Windsor", "main\Antler-Windsor\Antler-Windsor.csproj", "{91A50383-D6EB-4303-91E8-BD3634E20CAB}"
EndProject
Project("{FAE04EC0-301F-11D3-BF4B-00C04F79EFBC}") = "Antler-NHibernate-Sqlite", "main\Antler-NHibernate-Sqlite\Antler-NHibernate-Sqlite.csproj", "{3612BF1E-4B41-40C9-B463-D14EBE1CAE26}"
EndProject
Project("{FAE04EC0-301F-11D3-BF4B-00C04F79EFBC}") = "Antler-Windsor-Specs", "specs\Antler-Windsor-Specs\Antler-Windsor-Specs.csproj", "{DBF351EF-45AB-4708-9267-D0B825FD825B}"
EndProject
Project("{FAE04EC0-301F-11D3-BF4B-00C04F79EFBC}") = "Antler-EntityFramework", "main\Antler-EntityFramework\Antler-EntityFramework.csproj", "{34FCF9A5-7B9F-4A9A-A8B0-4FDA717744BD}"
EndProject
Project("{FAE04EC0-301F-11D3-BF4B-00C04F79EFBC}") = "Antler-EntityFramework-SqlCe-Specs", "specs\Antler-EntityFramework-SqlCe-Specs\Antler-EntityFramework-SqlCe-Specs.csproj", "{26A0DD0A-C9A4-42DA-9F12-D1FFC499BCFF}"
EndProject
Project("{FAE04EC0-301F-11D3-BF4B-00C04F79EFBC}") = "Antler-Specs-Shared", "specs\Antler-Specs-Shared\Antler-Specs-Shared.csproj", "{9C008F64-DBBD-4135-A5C8-1249D5A603F1}"
EndProject
Project("{FAE04EC0-301F-11D3-BF4B-00C04F79EFBC}") = "Antler-Domain-Specs", "specs\Antler-Domain-Specs\Antler-Domain-Specs.csproj", "{C9221BB3-3490-462C-9E78-23DA1B847158}"
EndProject
Project("{FAE04EC0-301F-11D3-BF4B-00C04F79EFBC}") = "Antler-EntityFramework-SqlCe", "main\Antler-EntityFramework-SqlCe\Antler-EntityFramework-SqlCe.csproj", "{5D2D71A7-110B-44B3-9F16-79DA905DF70C}"
EndProject
Global
	GlobalSection(SolutionConfigurationPlatforms) = preSolution
		Debug|Any CPU = Debug|Any CPU
		Release|Any CPU = Release|Any CPU
	EndGlobalSection
	GlobalSection(ProjectConfigurationPlatforms) = postSolution
		{6814B93C-B1E7-4050-AD5E-B10260110716}.Debug|Any CPU.ActiveCfg = Debug|Any CPU
		{6814B93C-B1E7-4050-AD5E-B10260110716}.Debug|Any CPU.Build.0 = Debug|Any CPU
		{6814B93C-B1E7-4050-AD5E-B10260110716}.Release|Any CPU.ActiveCfg = Release|Any CPU
		{6814B93C-B1E7-4050-AD5E-B10260110716}.Release|Any CPU.Build.0 = Release|Any CPU
		{4A2FE4D5-9381-4695-A0D5-21787C903275}.Debug|Any CPU.ActiveCfg = Debug|Any CPU
		{4A2FE4D5-9381-4695-A0D5-21787C903275}.Debug|Any CPU.Build.0 = Debug|Any CPU
		{4A2FE4D5-9381-4695-A0D5-21787C903275}.Release|Any CPU.ActiveCfg = Release|Any CPU
		{4A2FE4D5-9381-4695-A0D5-21787C903275}.Release|Any CPU.Build.0 = Release|Any CPU
		{22241314-ACB1-4BD6-AA61-7006A5D19DD5}.Debug|Any CPU.ActiveCfg = Debug|Any CPU
		{22241314-ACB1-4BD6-AA61-7006A5D19DD5}.Debug|Any CPU.Build.0 = Debug|Any CPU
		{22241314-ACB1-4BD6-AA61-7006A5D19DD5}.Release|Any CPU.ActiveCfg = Release|Any CPU
		{22241314-ACB1-4BD6-AA61-7006A5D19DD5}.Release|Any CPU.Build.0 = Release|Any CPU
		{66AB4A48-0D4F-4F0D-9A47-EB461B8495E1}.Debug|Any CPU.ActiveCfg = Debug|Any CPU
		{66AB4A48-0D4F-4F0D-9A47-EB461B8495E1}.Debug|Any CPU.Build.0 = Debug|Any CPU
		{66AB4A48-0D4F-4F0D-9A47-EB461B8495E1}.Release|Any CPU.ActiveCfg = Release|Any CPU
		{66AB4A48-0D4F-4F0D-9A47-EB461B8495E1}.Release|Any CPU.Build.0 = Release|Any CPU
		{2C949C79-54B6-46E8-9B10-139AF8DD0A96}.Debug|Any CPU.ActiveCfg = Debug|Any CPU
		{2C949C79-54B6-46E8-9B10-139AF8DD0A96}.Debug|Any CPU.Build.0 = Debug|Any CPU
		{2C949C79-54B6-46E8-9B10-139AF8DD0A96}.Release|Any CPU.ActiveCfg = Release|Any CPU
		{2C949C79-54B6-46E8-9B10-139AF8DD0A96}.Release|Any CPU.Build.0 = Release|Any CPU
		{91A50383-D6EB-4303-91E8-BD3634E20CAB}.Debug|Any CPU.ActiveCfg = Debug|Any CPU
		{91A50383-D6EB-4303-91E8-BD3634E20CAB}.Debug|Any CPU.Build.0 = Debug|Any CPU
		{91A50383-D6EB-4303-91E8-BD3634E20CAB}.Release|Any CPU.ActiveCfg = Release|Any CPU
		{91A50383-D6EB-4303-91E8-BD3634E20CAB}.Release|Any CPU.Build.0 = Release|Any CPU
		{3612BF1E-4B41-40C9-B463-D14EBE1CAE26}.Debug|Any CPU.ActiveCfg = Debug|Any CPU
		{3612BF1E-4B41-40C9-B463-D14EBE1CAE26}.Debug|Any CPU.Build.0 = Debug|Any CPU
		{3612BF1E-4B41-40C9-B463-D14EBE1CAE26}.Release|Any CPU.ActiveCfg = Release|Any CPU
		{3612BF1E-4B41-40C9-B463-D14EBE1CAE26}.Release|Any CPU.Build.0 = Release|Any CPU
		{DBF351EF-45AB-4708-9267-D0B825FD825B}.Debug|Any CPU.ActiveCfg = Debug|Any CPU
		{DBF351EF-45AB-4708-9267-D0B825FD825B}.Debug|Any CPU.Build.0 = Debug|Any CPU
		{DBF351EF-45AB-4708-9267-D0B825FD825B}.Release|Any CPU.ActiveCfg = Release|Any CPU
		{DBF351EF-45AB-4708-9267-D0B825FD825B}.Release|Any CPU.Build.0 = Release|Any CPU
		{34FCF9A5-7B9F-4A9A-A8B0-4FDA717744BD}.Debug|Any CPU.ActiveCfg = Debug|Any CPU
		{34FCF9A5-7B9F-4A9A-A8B0-4FDA717744BD}.Debug|Any CPU.Build.0 = Debug|Any CPU
		{34FCF9A5-7B9F-4A9A-A8B0-4FDA717744BD}.Release|Any CPU.ActiveCfg = Release|Any CPU
		{34FCF9A5-7B9F-4A9A-A8B0-4FDA717744BD}.Release|Any CPU.Build.0 = Release|Any CPU
		{26A0DD0A-C9A4-42DA-9F12-D1FFC499BCFF}.Debug|Any CPU.ActiveCfg = Debug|Any CPU
		{26A0DD0A-C9A4-42DA-9F12-D1FFC499BCFF}.Debug|Any CPU.Build.0 = Debug|Any CPU
		{26A0DD0A-C9A4-42DA-9F12-D1FFC499BCFF}.Release|Any CPU.ActiveCfg = Release|Any CPU
		{26A0DD0A-C9A4-42DA-9F12-D1FFC499BCFF}.Release|Any CPU.Build.0 = Release|Any CPU
		{9C008F64-DBBD-4135-A5C8-1249D5A603F1}.Debug|Any CPU.ActiveCfg = Debug|Any CPU
		{9C008F64-DBBD-4135-A5C8-1249D5A603F1}.Debug|Any CPU.Build.0 = Debug|Any CPU
		{9C008F64-DBBD-4135-A5C8-1249D5A603F1}.Release|Any CPU.ActiveCfg = Release|Any CPU
		{9C008F64-DBBD-4135-A5C8-1249D5A603F1}.Release|Any CPU.Build.0 = Release|Any CPU
		{C9221BB3-3490-462C-9E78-23DA1B847158}.Debug|Any CPU.ActiveCfg = Debug|Any CPU
		{C9221BB3-3490-462C-9E78-23DA1B847158}.Debug|Any CPU.Build.0 = Debug|Any CPU
		{C9221BB3-3490-462C-9E78-23DA1B847158}.Release|Any CPU.ActiveCfg = Release|Any CPU
		{C9221BB3-3490-462C-9E78-23DA1B847158}.Release|Any CPU.Build.0 = Release|Any CPU
		{5D2D71A7-110B-44B3-9F16-79DA905DF70C}.Debug|Any CPU.ActiveCfg = Debug|Any CPU
		{5D2D71A7-110B-44B3-9F16-79DA905DF70C}.Debug|Any CPU.Build.0 = Debug|Any CPU
		{5D2D71A7-110B-44B3-9F16-79DA905DF70C}.Release|Any CPU.ActiveCfg = Release|Any CPU
		{5D2D71A7-110B-44B3-9F16-79DA905DF70C}.Release|Any CPU.Build.0 = Release|Any CPU
	EndGlobalSection
	GlobalSection(SolutionProperties) = preSolution
		HideSolutionNode = FALSE
	EndGlobalSection
	GlobalSection(NestedProjects) = preSolution
		{22241314-ACB1-4BD6-AA61-7006A5D19DD5} = {0BA7638D-2B16-4E72-AD94-EA2669BA246C}
		{DBF351EF-45AB-4708-9267-D0B825FD825B} = {0BA7638D-2B16-4E72-AD94-EA2669BA246C}
		{26A0DD0A-C9A4-42DA-9F12-D1FFC499BCFF} = {0BA7638D-2B16-4E72-AD94-EA2669BA246C}
		{9C008F64-DBBD-4135-A5C8-1249D5A603F1} = {0BA7638D-2B16-4E72-AD94-EA2669BA246C}
		{C9221BB3-3490-462C-9E78-23DA1B847158} = {0BA7638D-2B16-4E72-AD94-EA2669BA246C}
	EndGlobalSection
EndGlobal
