
Microsoft Visual Studio Solution File, Format Version 12.00
# Visual Studio 2010
Project("{FAE04EC0-301F-11D3-BF4B-00C04F79EFBC}") = "Antler-NHibernate", "main\Antler-NHibernate\Antler-NHibernate.csproj", "{4A2FE4D5-9381-4695-A0D5-21787C903275}"
EndProject
Project("{2150E333-8FDC-42A3-9474-1A3956D46DE8}") = "_Specs", "_Specs", "{0BA7638D-2B16-4E72-AD94-EA2669BA246C}"
EndProject
Project("{FAE04EC0-301F-11D3-BF4B-00C04F79EFBC}") = "Antler-NHibernate-Sqlite-Specs", "specs\Antler-NHibernate-Sqlite-Specs\Antler-NHibernate-Sqlite-Specs.csproj", "{22241314-ACB1-4BD6-AA61-7006A5D19DD5}"
EndProject
Project("{FAE04EC0-301F-11D3-BF4B-00C04F79EFBC}") = "Antler-Windsor", "main\Antler-Windsor\Antler-Windsor.csproj", "{91A50383-D6EB-4303-91E8-BD3634E20CAB}"
EndProject
Project("{FAE04EC0-301F-11D3-BF4B-00C04F79EFBC}") = "Antler-NHibernate-Sqlite", "main\Antler-NHibernate-Sqlite\Antler-NHibernate-Sqlite.csproj", "{3612BF1E-4B41-40C9-B463-D14EBE1CAE26}"
EndProject
Project("{FAE04EC0-301F-11D3-BF4B-00C04F79EFBC}") = "Antler-Windsor-Specs", "specs\Antler-Windsor-Specs\Antler-Windsor-Specs.csproj", "{DBF351EF-45AB-4708-9267-D0B825FD825B}"
EndProject
Project("{FAE04EC0-301F-11D3-BF4B-00C04F79EFBC}") = "Antler-EntityFramework", "main\Antler-EntityFramework\Antler-EntityFramework.csproj", "{34FCF9A5-7B9F-4A9A-A8B0-4FDA717744BD}"
EndProject
Project("{FAE04EC0-301F-11D3-BF4B-00C04F79EFBC}") = "Antler-EntityFramework-SqlCe-Specs", "specs\Antler-EntityFramework-SqlCe-Specs\Antler-EntityFramework-SqlCe-Specs.csproj", "{26A0DD0A-C9A4-42DA-9F12-D1FFC499BCFF}"
EndProject
Project("{FAE04EC0-301F-11D3-BF4B-00C04F79EFBC}") = "Antler-Specs-Shared", "specs\Antler-Specs-Shared\Antler-Specs-Shared.csproj", "{9C008F64-DBBD-4135-A5C8-1249D5A603F1}"
EndProject
Project("{FAE04EC0-301F-11D3-BF4B-00C04F79EFBC}") = "Antler-Domain-Specs", "specs\Antler-Domain-Specs\Antler-Domain-Specs.csproj", "{C9221BB3-3490-462C-9E78-23DA1B847158}"
EndProject
Project("{FAE04EC0-301F-11D3-BF4B-00C04F79EFBC}") = "Antler-EntityFramework-SqlCe", "main\Antler-EntityFramework-SqlCe\Antler-EntityFramework-SqlCe.csproj", "{5D2D71A7-110B-44B3-9F16-79DA905DF70C}"
EndProject
Project("{FAE04EC0-301F-11D3-BF4B-00C04F79EFBC}") = "Antler-Storages-Specs", "specs\Antler-Storages-Specs\Antler-Storages-Specs.csproj", "{25C258C8-09CF-4CC9-A555-600EEED8EEBB}"
EndProject
Project("{FAE04EC0-301F-11D3-BF4B-00C04F79EFBC}") = "Antler-Core", "main\Antler-Core\Antler-Core.csproj", "{61E50BED-1EA6-48C6-BEE9-E4471AEE4635}"
EndProject
Project("{2150E333-8FDC-42A3-9474-1A3956D46DE8}") = ".nuget", ".nuget", "{4D81FA00-B3D4-423E-B82E-3B586766EE63}"
	ProjectSection(SolutionItems) = preProject
		.nuget\packages.config = .nuget\packages.config
	EndProjectSection
EndProject
Project("{FAE04EC0-301F-11D3-BF4B-00C04F79EFBC}") = "Antler-EntityFramework-Specs", "specs\Antler-EntityFramework-Specs\Antler-EntityFramework-Specs.csproj", "{2FC7F493-3B9C-4BF7-91FE-2F0D2EBABBB7}"
EndProject
Project("{FAE04EC0-301F-11D3-BF4B-00C04F79EFBC}") = "Antler-Specs-Shared-EntityFramework", "specs\Antler-Specs-Shared-EntityFramework\Antler-Specs-Shared-EntityFramework.csproj", "{E8EEAF94-7FB9-458C-8298-74F2AFFF8F4D}"
EndProject
Global
	GlobalSection(SolutionConfigurationPlatforms) = preSolution
		Debug|Any CPU = Debug|Any CPU
		Release|Any CPU = Release|Any CPU
	EndGlobalSection
	GlobalSection(ProjectConfigurationPlatforms) = postSolution
		{4A2FE4D5-9381-4695-A0D5-21787C903275}.Debug|Any CPU.ActiveCfg = Debug|Any CPU
		{4A2FE4D5-9381-4695-A0D5-21787C903275}.Debug|Any CPU.Build.0 = Debug|Any CPU
		{4A2FE4D5-9381-4695-A0D5-21787C903275}.Release|Any CPU.ActiveCfg = Release|Any CPU
		{4A2FE4D5-9381-4695-A0D5-21787C903275}.Release|Any CPU.Build.0 = Release|Any CPU
		{22241314-ACB1-4BD6-AA61-7006A5D19DD5}.Debug|Any CPU.ActiveCfg = Debug|Any CPU
		{22241314-ACB1-4BD6-AA61-7006A5D19DD5}.Debug|Any CPU.Build.0 = Debug|Any CPU
		{22241314-ACB1-4BD6-AA61-7006A5D19DD5}.Release|Any CPU.ActiveCfg = Release|Any CPU
		{22241314-ACB1-4BD6-AA61-7006A5D19DD5}.Release|Any CPU.Build.0 = Release|Any CPU
		{91A50383-D6EB-4303-91E8-BD3634E20CAB}.Debug|Any CPU.ActiveCfg = Debug|Any CPU
		{91A50383-D6EB-4303-91E8-BD3634E20CAB}.Debug|Any CPU.Build.0 = Debug|Any CPU
		{91A50383-D6EB-4303-91E8-BD3634E20CAB}.Release|Any CPU.ActiveCfg = Release|Any CPU
		{91A50383-D6EB-4303-91E8-BD3634E20CAB}.Release|Any CPU.Build.0 = Release|Any CPU
		{3612BF1E-4B41-40C9-B463-D14EBE1CAE26}.Debug|Any CPU.ActiveCfg = Debug|Any CPU
		{3612BF1E-4B41-40C9-B463-D14EBE1CAE26}.Debug|Any CPU.Build.0 = Debug|Any CPU
		{3612BF1E-4B41-40C9-B463-D14EBE1CAE26}.Release|Any CPU.ActiveCfg = Release|Any CPU
		{3612BF1E-4B41-40C9-B463-D14EBE1CAE26}.Release|Any CPU.Build.0 = Release|Any CPU
		{DBF351EF-45AB-4708-9267-D0B825FD825B}.Debug|Any CPU.ActiveCfg = Debug|Any CPU
		{DBF351EF-45AB-4708-9267-D0B825FD825B}.Debug|Any CPU.Build.0 = Debug|Any CPU
		{DBF351EF-45AB-4708-9267-D0B825FD825B}.Release|Any CPU.ActiveCfg = Release|Any CPU
		{DBF351EF-45AB-4708-9267-D0B825FD825B}.Release|Any CPU.Build.0 = Release|Any CPU
		{34FCF9A5-7B9F-4A9A-A8B0-4FDA717744BD}.Debug|Any CPU.ActiveCfg = Debug|Any CPU
		{34FCF9A5-7B9F-4A9A-A8B0-4FDA717744BD}.Debug|Any CPU.Build.0 = Debug|Any CPU
		{34FCF9A5-7B9F-4A9A-A8B0-4FDA717744BD}.Release|Any CPU.ActiveCfg = Release|Any CPU
		{34FCF9A5-7B9F-4A9A-A8B0-4FDA717744BD}.Release|Any CPU.Build.0 = Release|Any CPU
		{26A0DD0A-C9A4-42DA-9F12-D1FFC499BCFF}.Debug|Any CPU.ActiveCfg = Debug|Any CPU
		{26A0DD0A-C9A4-42DA-9F12-D1FFC499BCFF}.Debug|Any CPU.Build.0 = Debug|Any CPU
		{26A0DD0A-C9A4-42DA-9F12-D1FFC499BCFF}.Release|Any CPU.ActiveCfg = Release|Any CPU
		{26A0DD0A-C9A4-42DA-9F12-D1FFC499BCFF}.Release|Any CPU.Build.0 = Release|Any CPU
		{9C008F64-DBBD-4135-A5C8-1249D5A603F1}.Debug|Any CPU.ActiveCfg = Debug|Any CPU
		{9C008F64-DBBD-4135-A5C8-1249D5A603F1}.Debug|Any CPU.Build.0 = Debug|Any CPU
		{9C008F64-DBBD-4135-A5C8-1249D5A603F1}.Release|Any CPU.ActiveCfg = Release|Any CPU
		{9C008F64-DBBD-4135-A5C8-1249D5A603F1}.Release|Any CPU.Build.0 = Release|Any CPU
		{C9221BB3-3490-462C-9E78-23DA1B847158}.Debug|Any CPU.ActiveCfg = Debug|Any CPU
		{C9221BB3-3490-462C-9E78-23DA1B847158}.Debug|Any CPU.Build.0 = Debug|Any CPU
		{C9221BB3-3490-462C-9E78-23DA1B847158}.Release|Any CPU.ActiveCfg = Release|Any CPU
		{C9221BB3-3490-462C-9E78-23DA1B847158}.Release|Any CPU.Build.0 = Release|Any CPU
		{5D2D71A7-110B-44B3-9F16-79DA905DF70C}.Debug|Any CPU.ActiveCfg = Debug|Any CPU
		{5D2D71A7-110B-44B3-9F16-79DA905DF70C}.Debug|Any CPU.Build.0 = Debug|Any CPU
		{5D2D71A7-110B-44B3-9F16-79DA905DF70C}.Release|Any CPU.ActiveCfg = Release|Any CPU
		{5D2D71A7-110B-44B3-9F16-79DA905DF70C}.Release|Any CPU.Build.0 = Release|Any CPU
		{25C258C8-09CF-4CC9-A555-600EEED8EEBB}.Debug|Any CPU.ActiveCfg = Debug|Any CPU
		{25C258C8-09CF-4CC9-A555-600EEED8EEBB}.Debug|Any CPU.Build.0 = Debug|Any CPU
		{25C258C8-09CF-4CC9-A555-600EEED8EEBB}.Release|Any CPU.ActiveCfg = Release|Any CPU
		{25C258C8-09CF-4CC9-A555-600EEED8EEBB}.Release|Any CPU.Build.0 = Release|Any CPU
		{61E50BED-1EA6-48C6-BEE9-E4471AEE4635}.Debug|Any CPU.ActiveCfg = Debug|Any CPU
		{61E50BED-1EA6-48C6-BEE9-E4471AEE4635}.Debug|Any CPU.Build.0 = Debug|Any CPU
		{61E50BED-1EA6-48C6-BEE9-E4471AEE4635}.Release|Any CPU.ActiveCfg = Release|Any CPU
		{61E50BED-1EA6-48C6-BEE9-E4471AEE4635}.Release|Any CPU.Build.0 = Release|Any CPU
		{2FC7F493-3B9C-4BF7-91FE-2F0D2EBABBB7}.Debug|Any CPU.ActiveCfg = Debug|Any CPU
		{2FC7F493-3B9C-4BF7-91FE-2F0D2EBABBB7}.Debug|Any CPU.Build.0 = Debug|Any CPU
		{2FC7F493-3B9C-4BF7-91FE-2F0D2EBABBB7}.Release|Any CPU.ActiveCfg = Release|Any CPU
		{2FC7F493-3B9C-4BF7-91FE-2F0D2EBABBB7}.Release|Any CPU.Build.0 = Release|Any CPU
		{E8EEAF94-7FB9-458C-8298-74F2AFFF8F4D}.Debug|Any CPU.ActiveCfg = Debug|Any CPU
		{E8EEAF94-7FB9-458C-8298-74F2AFFF8F4D}.Debug|Any CPU.Build.0 = Debug|Any CPU
		{E8EEAF94-7FB9-458C-8298-74F2AFFF8F4D}.Release|Any CPU.ActiveCfg = Release|Any CPU
		{E8EEAF94-7FB9-458C-8298-74F2AFFF8F4D}.Release|Any CPU.Build.0 = Release|Any CPU
	EndGlobalSection
	GlobalSection(SolutionProperties) = preSolution
		HideSolutionNode = FALSE
	EndGlobalSection
	GlobalSection(NestedProjects) = preSolution
		{22241314-ACB1-4BD6-AA61-7006A5D19DD5} = {0BA7638D-2B16-4E72-AD94-EA2669BA246C}
		{DBF351EF-45AB-4708-9267-D0B825FD825B} = {0BA7638D-2B16-4E72-AD94-EA2669BA246C}
		{26A0DD0A-C9A4-42DA-9F12-D1FFC499BCFF} = {0BA7638D-2B16-4E72-AD94-EA2669BA246C}
		{9C008F64-DBBD-4135-A5C8-1249D5A603F1} = {0BA7638D-2B16-4E72-AD94-EA2669BA246C}
		{C9221BB3-3490-462C-9E78-23DA1B847158} = {0BA7638D-2B16-4E72-AD94-EA2669BA246C}
		{25C258C8-09CF-4CC9-A555-600EEED8EEBB} = {0BA7638D-2B16-4E72-AD94-EA2669BA246C}
		{2FC7F493-3B9C-4BF7-91FE-2F0D2EBABBB7} = {0BA7638D-2B16-4E72-AD94-EA2669BA246C}
		{E8EEAF94-7FB9-458C-8298-74F2AFFF8F4D} = {0BA7638D-2B16-4E72-AD94-EA2669BA246C}
	EndGlobalSection
EndGlobal
